
Microsoft Visual Studio Solution File, Format Version 12.00
# Visual Studio 15
VisualStudioVersion = 15.0.28010.2026
MinimumVisualStudioVersion = 10.0.40219.1
Project("{FAE04EC0-301F-11D3-BF4B-00C04F79EFBC}") = "SingleWebMvcCrud", "SingleWebMvcCrud\SingleWebMvcCrud.csproj", "{8870DE4E-3ECA-47D5-83EC-E00A7455D687}"
EndProject
Global
	GlobalSection(SolutionConfigurationPlatforms) = preSolution
		Debug|Any CPU = Debug|Any CPU
		Release|Any CPU = Release|Any CPU
	EndGlobalSection
	GlobalSection(ProjectConfigurationPlatforms) = postSolution
		{8870DE4E-3ECA-47D5-83EC-E00A7455D687}.Debug|Any CPU.ActiveCfg = Debug|Any CPU
		{8870DE4E-3ECA-47D5-83EC-E00A7455D687}.Debug|Any CPU.Build.0 = Debug|Any CPU
		{8870DE4E-3ECA-47D5-83EC-E00A7455D687}.Release|Any CPU.ActiveCfg = Release|Any CPU
		{8870DE4E-3ECA-47D5-83EC-E00A7455D687}.Release|Any CPU.Build.0 = Release|Any CPU
	EndGlobalSection
	GlobalSection(SolutionProperties) = preSolution
		HideSolutionNode = FALSE
	EndGlobalSection
	GlobalSection(ExtensibilityGlobals) = postSolution
		SolutionGuid = {D9C1A87C-10FA-4B04-AEB3-71F8B017FCAE}
	EndGlobalSection
EndGlobal
